// !$*UTF8*$!
{
	archiveVersion = 1;
	classes = {
	};
	objectVersion = 46;
	objects = {

/* Begin PBXBuildFile section */
		C12CFDFC1E187EBA005DE61F /* Live.storyboard in Resources */ = {isa = PBXBuildFile; fileRef = C12CFDFB1E187EBA005DE61F /* Live.storyboard */; };
		C12CFDFF1E187ED4005DE61F /* Follow.storyboard in Resources */ = {isa = PBXBuildFile; fileRef = C12CFDFD1E187ED4005DE61F /* Follow.storyboard */; };
		C12CFE011E187F01005DE61F /* Profile.storyboard in Resources */ = {isa = PBXBuildFile; fileRef = C12CFE001E187F01005DE61F /* Profile.storyboard */; };
		C12CFE131E188011005DE61F /* HomeController.swift in Sources */ = {isa = PBXBuildFile; fileRef = C12CFE121E188011005DE61F /* HomeController.swift */; };
		C12CFE151E188024005DE61F /* LiveController.swift in Sources */ = {isa = PBXBuildFile; fileRef = C12CFE141E188024005DE61F /* LiveController.swift */; };
		C12CFE171E18802F005DE61F /* FollowController.swift in Sources */ = {isa = PBXBuildFile; fileRef = C12CFE161E18802F005DE61F /* FollowController.swift */; };
		C12CFE191E18803F005DE61F /* ProfileController.swift in Sources */ = {isa = PBXBuildFile; fileRef = C12CFE181E18803F005DE61F /* ProfileController.swift */; };
		C12CFE1B1E188189005DE61F /* BaseNavigetionController.swift in Sources */ = {isa = PBXBuildFile; fileRef = C12CFE1A1E188189005DE61F /* BaseNavigetionController.swift */; };
		C12CFE1F1F0F7F19005DE61F /* PageTitleView.swift in Sources */ = {isa = PBXBuildFile; fileRef = C12CFE1E1F0F7F19005DE61F /* PageTitleView.swift */; };
		C154C2161F0F22A80054C0B2 /* AppDelegate.swift in Sources */ = {isa = PBXBuildFile; fileRef = C154C2151F0F22A80054C0B2 /* AppDelegate.swift */; };
		C154C21B1F0F22A80054C0B2 /* Main.storyboard in Resources */ = {isa = PBXBuildFile; fileRef = C154C2191F0F22A80054C0B2 /* Main.storyboard */; };
		C154C21D1F0F22A80054C0B2 /* Assets.xcassets in Resources */ = {isa = PBXBuildFile; fileRef = C154C21C1F0F22A80054C0B2 /* Assets.xcassets */; };
		C154C2201F0F22A80054C0B2 /* LaunchScreen.storyboard in Resources */ = {isa = PBXBuildFile; fileRef = C154C21E1F0F22A80054C0B2 /* LaunchScreen.storyboard */; };
		C154C2281F0F27A50054C0B2 /* BaseController.swift in Sources */ = {isa = PBXBuildFile; fileRef = C154C2271F0F27A50054C0B2 /* BaseController.swift */; };
		C154C2331F0F28A90054C0B2 /* JQCircularIndicatorView.swift in Sources */ = {isa = PBXBuildFile; fileRef = C154C22B1F0F28A90054C0B2 /* JQCircularIndicatorView.swift */; };
		C154C2341F0F28A90054C0B2 /* JQHUDString-Extension.swift in Sources */ = {isa = PBXBuildFile; fileRef = C154C22C1F0F28A90054C0B2 /* JQHUDString-Extension.swift */; };
		C154C2351F0F28A90054C0B2 /* JQIndicatorView.swift in Sources */ = {isa = PBXBuildFile; fileRef = C154C22D1F0F28A90054C0B2 /* JQIndicatorView.swift */; };
		C154C2361F0F28A90054C0B2 /* JQOvalIndicatorView.swift in Sources */ = {isa = PBXBuildFile; fileRef = C154C22E1F0F28A90054C0B2 /* JQOvalIndicatorView.swift */; };
		C154C2371F0F28A90054C0B2 /* JQProgressHUD.swift in Sources */ = {isa = PBXBuildFile; fileRef = C154C22F1F0F28A90054C0B2 /* JQProgressHUD.swift */; };
		C154C2381F0F28A90054C0B2 /* JQProgressHUDLabel.swift in Sources */ = {isa = PBXBuildFile; fileRef = C154C2301F0F28A90054C0B2 /* JQProgressHUDLabel.swift */; };
		C154C2391F0F28A90054C0B2 /* JQProgressHUDTool.swift in Sources */ = {isa = PBXBuildFile; fileRef = C154C2311F0F28A90054C0B2 /* JQProgressHUDTool.swift */; };
		C154C23A1F0F28A90054C0B2 /* JQWeakTimerObject.swift in Sources */ = {isa = PBXBuildFile; fileRef = C154C2321F0F28A90054C0B2 /* JQWeakTimerObject.swift */; };
		C154C2441F0F61D70054C0B2 /* Home.storyboard in Resources */ = {isa = PBXBuildFile; fileRef = C154C2421F0F61D70054C0B2 /* Home.storyboard */; };
		C19761381F10A85B0037B232 /* ZWSecondController.swift in Sources */ = {isa = PBXBuildFile; fileRef = C19761371F10A85B0037B232 /* ZWSecondController.swift */; };
		C197613D1F10B1F50037B232 /* Const.swift in Sources */ = {isa = PBXBuildFile; fileRef = C197613C1F10B1F50037B232 /* Const.swift */; };
/* End PBXBuildFile section */

/* Begin PBXFileReference section */
		C12CFDFB1E187EBA005DE61F /* Live.storyboard */ = {isa = PBXFileReference; fileEncoding = 4; lastKnownFileType = file.storyboard; name = Live.storyboard; path = ZW_Swift/Live.storyboard; sourceTree = SOURCE_ROOT; };
		C12CFDFE1E187ED4005DE61F /* Base */ = {isa = PBXFileReference; lastKnownFileType = file.storyboard; name = Base; path = Base.lproj/Follow.storyboard; sourceTree = "<group>"; };
		C12CFE001E187F01005DE61F /* Profile.storyboard */ = {isa = PBXFileReference; fileEncoding = 4; lastKnownFileType = file.storyboard; name = Profile.storyboard; path = ZW_Swift/Profile.storyboard; sourceTree = SOURCE_ROOT; };
		C12CFE121E188011005DE61F /* HomeController.swift */ = {isa = PBXFileReference; fileEncoding = 4; lastKnownFileType = sourcecode.swift; path = HomeController.swift; sourceTree = "<group>"; };
		C12CFE141E188024005DE61F /* LiveController.swift */ = {isa = PBXFileReference; fileEncoding = 4; lastKnownFileType = sourcecode.swift; path = LiveController.swift; sourceTree = "<group>"; };
		C12CFE161E18802F005DE61F /* FollowController.swift */ = {isa = PBXFileReference; fileEncoding = 4; lastKnownFileType = sourcecode.swift; path = FollowController.swift; sourceTree = "<group>"; };
		C12CFE181E18803F005DE61F /* ProfileController.swift */ = {isa = PBXFileReference; fileEncoding = 4; lastKnownFileType = sourcecode.swift; path = ProfileController.swift; sourceTree = "<group>"; };
		C12CFE1A1E188189005DE61F /* BaseNavigetionController.swift */ = {isa = PBXFileReference; fileEncoding = 4; lastKnownFileType = sourcecode.swift; path = BaseNavigetionController.swift; sourceTree = "<group>"; };
		C12CFE1E1F0F7F19005DE61F /* PageTitleView.swift */ = {isa = PBXFileReference; fileEncoding = 4; lastKnownFileType = sourcecode.swift; path = PageTitleView.swift; sourceTree = "<group>"; };
		C154C2121F0F22A80054C0B2 /* ZW_Swift.app */ = {isa = PBXFileReference; explicitFileType = wrapper.application; includeInIndex = 0; path = ZW_Swift.app; sourceTree = BUILT_PRODUCTS_DIR; };
		C154C2151F0F22A80054C0B2 /* AppDelegate.swift */ = {isa = PBXFileReference; lastKnownFileType = sourcecode.swift; path = AppDelegate.swift; sourceTree = "<group>"; };
		C154C21A1F0F22A80054C0B2 /* Base */ = {isa = PBXFileReference; lastKnownFileType = file.storyboard; name = Base; path = Base.lproj/Main.storyboard; sourceTree = "<group>"; };
		C154C21C1F0F22A80054C0B2 /* Assets.xcassets */ = {isa = PBXFileReference; lastKnownFileType = folder.assetcatalog; path = Assets.xcassets; sourceTree = "<group>"; };
		C154C21F1F0F22A80054C0B2 /* Base */ = {isa = PBXFileReference; lastKnownFileType = file.storyboard; name = Base; path = Base.lproj/LaunchScreen.storyboard; sourceTree = "<group>"; };
		C154C2211F0F22A80054C0B2 /* Info.plist */ = {isa = PBXFileReference; lastKnownFileType = text.plist.xml; path = Info.plist; sourceTree = "<group>"; };
		C154C2271F0F27A50054C0B2 /* BaseController.swift */ = {isa = PBXFileReference; fileEncoding = 4; lastKnownFileType = sourcecode.swift; path = BaseController.swift; sourceTree = "<group>"; };
		C154C22B1F0F28A90054C0B2 /* JQCircularIndicatorView.swift */ = {isa = PBXFileReference; fileEncoding = 4; lastKnownFileType = sourcecode.swift; path = JQCircularIndicatorView.swift; sourceTree = "<group>"; };
		C154C22C1F0F28A90054C0B2 /* JQHUDString-Extension.swift */ = {isa = PBXFileReference; fileEncoding = 4; lastKnownFileType = sourcecode.swift; path = "JQHUDString-Extension.swift"; sourceTree = "<group>"; };
		C154C22D1F0F28A90054C0B2 /* JQIndicatorView.swift */ = {isa = PBXFileReference; fileEncoding = 4; lastKnownFileType = sourcecode.swift; path = JQIndicatorView.swift; sourceTree = "<group>"; };
		C154C22E1F0F28A90054C0B2 /* JQOvalIndicatorView.swift */ = {isa = PBXFileReference; fileEncoding = 4; lastKnownFileType = sourcecode.swift; path = JQOvalIndicatorView.swift; sourceTree = "<group>"; };
		C154C22F1F0F28A90054C0B2 /* JQProgressHUD.swift */ = {isa = PBXFileReference; fileEncoding = 4; lastKnownFileType = sourcecode.swift; path = JQProgressHUD.swift; sourceTree = "<group>"; };
		C154C2301F0F28A90054C0B2 /* JQProgressHUDLabel.swift */ = {isa = PBXFileReference; fileEncoding = 4; lastKnownFileType = sourcecode.swift; path = JQProgressHUDLabel.swift; sourceTree = "<group>"; };
		C154C2311F0F28A90054C0B2 /* JQProgressHUDTool.swift */ = {isa = PBXFileReference; fileEncoding = 4; lastKnownFileType = sourcecode.swift; path = JQProgressHUDTool.swift; sourceTree = "<group>"; };
		C154C2321F0F28A90054C0B2 /* JQWeakTimerObject.swift */ = {isa = PBXFileReference; fileEncoding = 4; lastKnownFileType = sourcecode.swift; path = JQWeakTimerObject.swift; sourceTree = "<group>"; };
		C154C2431F0F61D70054C0B2 /* Base */ = {isa = PBXFileReference; lastKnownFileType = file.storyboard; name = Base; path = Base.lproj/Home.storyboard; sourceTree = "<group>"; };
		C19761371F10A85B0037B232 /* ZWSecondController.swift */ = {isa = PBXFileReference; fileEncoding = 4; lastKnownFileType = sourcecode.swift; path = ZWSecondController.swift; sourceTree = "<group>"; };
		C19761391F10AF0D0037B232 /* PrefixHeader.pch */ = {isa = PBXFileReference; lastKnownFileType = sourcecode.c.h; name = PrefixHeader.pch; path = ZW_Swift/PrefixHeader.pch; sourceTree = "<group>"; };
		C197613C1F10B1F50037B232 /* Const.swift */ = {isa = PBXFileReference; fileEncoding = 4; lastKnownFileType = sourcecode.swift; path = Const.swift; sourceTree = "<group>"; };
		C197613E1F10BDC50037B232 /* ZW_Swift-Bridging-Header.h */ = {isa = PBXFileReference; lastKnownFileType = sourcecode.c.h; path = "ZW_Swift-Bridging-Header.h"; sourceTree = "<group>"; };
/* End PBXFileReference section */

/* Begin PBXFrameworksBuildPhase section */
		C154C20F1F0F22A80054C0B2 /* Frameworks */ = {
			isa = PBXFrameworksBuildPhase;
			buildActionMask = 2147483647;
			files = (
			);
			runOnlyForDeploymentPostprocessing = 0;
		};
/* End PBXFrameworksBuildPhase section */

/* Begin PBXGroup section */
		C12CFE021E187F71005DE61F /* Follow(关注) */ = {
			isa = PBXGroup;
			children = (
				C12CFDFD1E187ED4005DE61F /* Follow.storyboard */,
				C12CFE031E187F71005DE61F /* Controller */,
				C12CFE041E187F71005DE61F /* Model */,
				C12CFE051E187F71005DE61F /* View */,
			);
			name = "Follow(关注)";
			path = Follow;
			sourceTree = "<group>";
		};
		C12CFE031E187F71005DE61F /* Controller */ = {
			isa = PBXGroup;
			children = (
				C12CFE161E18802F005DE61F /* FollowController.swift */,
			);
			path = Controller;
			sourceTree = "<group>";
		};
		C12CFE041E187F71005DE61F /* Model */ = {
			isa = PBXGroup;
			children = (
			);
			path = Model;
			sourceTree = "<group>";
		};
		C12CFE051E187F71005DE61F /* View */ = {
			isa = PBXGroup;
			children = (
			);
			path = View;
			sourceTree = "<group>";
		};
		C12CFE061E187F71005DE61F /* Home(首页) */ = {
			isa = PBXGroup;
			children = (
				C154C2421F0F61D70054C0B2 /* Home.storyboard */,
				C12CFE071E187F71005DE61F /* Controller */,
				C12CFE081E187F71005DE61F /* Model */,
				C12CFE091E187F71005DE61F /* View */,
			);
			name = "Home(首页)";
			path = Home;
			sourceTree = "<group>";
		};
		C12CFE071E187F71005DE61F /* Controller */ = {
			isa = PBXGroup;
			children = (
				C12CFE121E188011005DE61F /* HomeController.swift */,
				C19761371F10A85B0037B232 /* ZWSecondController.swift */,
			);
			path = Controller;
			sourceTree = "<group>";
		};
		C12CFE081E187F71005DE61F /* Model */ = {
			isa = PBXGroup;
			children = (
			);
			path = Model;
			sourceTree = "<group>";
		};
		C12CFE091E187F71005DE61F /* View */ = {
			isa = PBXGroup;
			children = (
				C12CFE1E1F0F7F19005DE61F /* PageTitleView.swift */,
			);
			path = View;
			sourceTree = "<group>";
		};
		C12CFE0A1E187F71005DE61F /* Live(直播) */ = {
			isa = PBXGroup;
			children = (
				C12CFDFB1E187EBA005DE61F /* Live.storyboard */,
				C12CFE0B1E187F71005DE61F /* Controller */,
				C12CFE0C1E187F71005DE61F /* Model */,
				C12CFE0D1E187F71005DE61F /* View */,
			);
			name = "Live(直播)";
			path = Live;
			sourceTree = "<group>";
		};
		C12CFE0B1E187F71005DE61F /* Controller */ = {
			isa = PBXGroup;
			children = (
				C12CFE141E188024005DE61F /* LiveController.swift */,
			);
			path = Controller;
			sourceTree = "<group>";
		};
		C12CFE0C1E187F71005DE61F /* Model */ = {
			isa = PBXGroup;
			children = (
			);
			path = Model;
			sourceTree = "<group>";
		};
		C12CFE0D1E187F71005DE61F /* View */ = {
			isa = PBXGroup;
			children = (
			);
			path = View;
			sourceTree = "<group>";
		};
		C12CFE0E1E187F71005DE61F /* Profile(我的) */ = {
			isa = PBXGroup;
			children = (
				C12CFE001E187F01005DE61F /* Profile.storyboard */,
				C12CFE0F1E187F71005DE61F /* Controller */,
				C12CFE101E187F71005DE61F /* Model */,
				C12CFE111E187F71005DE61F /* View */,
			);
			name = "Profile(我的)";
			path = Profile;
			sourceTree = "<group>";
		};
		C12CFE0F1E187F71005DE61F /* Controller */ = {
			isa = PBXGroup;
			children = (
				C12CFE181E18803F005DE61F /* ProfileController.swift */,
			);
			path = Controller;
			sourceTree = "<group>";
		};
		C12CFE101E187F71005DE61F /* Model */ = {
			isa = PBXGroup;
			children = (
			);
			path = Model;
			sourceTree = "<group>";
		};
		C12CFE111E187F71005DE61F /* View */ = {
			isa = PBXGroup;
			children = (
			);
			path = View;
			sourceTree = "<group>";
		};
		C154C2091F0F22A80054C0B2 = {
			isa = PBXGroup;
			children = (
				C19761391F10AF0D0037B232 /* PrefixHeader.pch */,
				C197613E1F10BDC50037B232 /* ZW_Swift-Bridging-Header.h */,
				C197613C1F10B1F50037B232 /* Const.swift */,
				C154C2141F0F22A80054C0B2 /* ZW_Swift */,
				C154C2131F0F22A80054C0B2 /* Products */,
			);
			sourceTree = "<group>";
		};
		C154C2131F0F22A80054C0B2 /* Products */ = {
			isa = PBXGroup;
			children = (
				C154C2121F0F22A80054C0B2 /* ZW_Swift.app */,
			);
			name = Products;
			sourceTree = "<group>";
		};
		C154C2141F0F22A80054C0B2 /* ZW_Swift */ = {
			isa = PBXGroup;
			children = (
				C154C2291F0F28A90054C0B2 /* Common */,
				C154C2151F0F22A80054C0B2 /* AppDelegate.swift */,
				C154C2271F0F27A50054C0B2 /* BaseController.swift */,
				C12CFE1A1E188189005DE61F /* BaseNavigetionController.swift */,
				C154C2191F0F22A80054C0B2 /* Main.storyboard */,
				C12CFE061E187F71005DE61F /* Home(首页) */,
				C12CFE0A1E187F71005DE61F /* Live(直播) */,
				C12CFE021E187F71005DE61F /* Follow(关注) */,
				C12CFE0E1E187F71005DE61F /* Profile(我的) */,
				C154C21C1F0F22A80054C0B2 /* Assets.xcassets */,
				C154C21E1F0F22A80054C0B2 /* LaunchScreen.storyboard */,
				C154C2211F0F22A80054C0B2 /* Info.plist */,
			);
			path = ZW_Swift;
			sourceTree = "<group>";
		};
		C154C2291F0F28A90054C0B2 /* Common */ = {
			isa = PBXGroup;
			children = (
				C154C22A1F0F28A90054C0B2 /* JQProgressHUD */,
			);
			path = Common;
			sourceTree = "<group>";
		};
		C154C22A1F0F28A90054C0B2 /* JQProgressHUD */ = {
			isa = PBXGroup;
			children = (
				C154C22B1F0F28A90054C0B2 /* JQCircularIndicatorView.swift */,
				C154C22C1F0F28A90054C0B2 /* JQHUDString-Extension.swift */,
				C154C22D1F0F28A90054C0B2 /* JQIndicatorView.swift */,
				C154C22E1F0F28A90054C0B2 /* JQOvalIndicatorView.swift */,
				C154C22F1F0F28A90054C0B2 /* JQProgressHUD.swift */,
				C154C2301F0F28A90054C0B2 /* JQProgressHUDLabel.swift */,
				C154C2311F0F28A90054C0B2 /* JQProgressHUDTool.swift */,
				C154C2321F0F28A90054C0B2 /* JQWeakTimerObject.swift */,
			);
			path = JQProgressHUD;
			sourceTree = "<group>";
		};
/* End PBXGroup section */

/* Begin PBXNativeTarget section */
		C154C2111F0F22A80054C0B2 /* ZW_Swift */ = {
			isa = PBXNativeTarget;
			buildConfigurationList = C154C2241F0F22A80054C0B2 /* Build configuration list for PBXNativeTarget "ZW_Swift" */;
			buildPhases = (
				C154C20E1F0F22A80054C0B2 /* Sources */,
				C154C20F1F0F22A80054C0B2 /* Frameworks */,
				C154C2101F0F22A80054C0B2 /* Resources */,
			);
			buildRules = (
			);
			dependencies = (
			);
			name = ZW_Swift;
			productName = ZW_Swift;
			productReference = C154C2121F0F22A80054C0B2 /* ZW_Swift.app */;
			productType = "com.apple.product-type.application";
		};
/* End PBXNativeTarget section */

/* Begin PBXProject section */
		C154C20A1F0F22A80054C0B2 /* Project object */ = {
			isa = PBXProject;
			attributes = {
				LastSwiftUpdateCheck = 0830;
				LastUpgradeCheck = 0830;
				ORGANIZATIONNAME = "com.qq-app.appid";
				TargetAttributes = {
					C154C2111F0F22A80054C0B2 = {
						CreatedOnToolsVersion = 8.3;
						DevelopmentTeam = S4YTN47V9U;
						LastSwiftMigration = 0830;
						ProvisioningStyle = Automatic;
					};
				};
			};
			buildConfigurationList = C154C20D1F0F22A80054C0B2 /* Build configuration list for PBXProject "ZW_Swift" */;
			compatibilityVersion = "Xcode 3.2";
			developmentRegion = English;
			hasScannedForEncodings = 0;
			knownRegions = (
				en,
				Base,
			);
			mainGroup = C154C2091F0F22A80054C0B2;
			productRefGroup = C154C2131F0F22A80054C0B2 /* Products */;
			projectDirPath = "";
			projectRoot = "";
			targets = (
				C154C2111F0F22A80054C0B2 /* ZW_Swift */,
			);
		};
/* End PBXProject section */

/* Begin PBXResourcesBuildPhase section */
		C154C2101F0F22A80054C0B2 /* Resources */ = {
			isa = PBXResourcesBuildPhase;
			buildActionMask = 2147483647;
			files = (
				C154C2201F0F22A80054C0B2 /* LaunchScreen.storyboard in Resources */,
				C154C21D1F0F22A80054C0B2 /* Assets.xcassets in Resources */,
				C154C21B1F0F22A80054C0B2 /* Main.storyboard in Resources */,
				C12CFDFC1E187EBA005DE61F /* Live.storyboard in Resources */,
				C154C2441F0F61D70054C0B2 /* Home.storyboard in Resources */,
				C12CFE011E187F01005DE61F /* Profile.storyboard in Resources */,
				C12CFDFF1E187ED4005DE61F /* Follow.storyboard in Resources */,
			);
			runOnlyForDeploymentPostprocessing = 0;
		};
/* End PBXResourcesBuildPhase section */

/* Begin PBXSourcesBuildPhase section */
		C154C20E1F0F22A80054C0B2 /* Sources */ = {
			isa = PBXSourcesBuildPhase;
			buildActionMask = 2147483647;
			files = (
				C154C2331F0F28A90054C0B2 /* JQCircularIndicatorView.swift in Sources */,
				C154C2341F0F28A90054C0B2 /* JQHUDString-Extension.swift in Sources */,
				C154C2361F0F28A90054C0B2 /* JQOvalIndicatorView.swift in Sources */,
				C12CFE151E188024005DE61F /* LiveController.swift in Sources */,
				C154C2351F0F28A90054C0B2 /* JQIndicatorView.swift in Sources */,
				C12CFE191E18803F005DE61F /* ProfileController.swift in Sources */,
				C12CFE131E188011005DE61F /* HomeController.swift in Sources */,
				C154C2391F0F28A90054C0B2 /* JQProgressHUDTool.swift in Sources */,
				C12CFE1F1F0F7F19005DE61F /* PageTitleView.swift in Sources */,
				C12CFE1B1E188189005DE61F /* BaseNavigetionController.swift in Sources */,
				C154C2281F0F27A50054C0B2 /* BaseController.swift in Sources */,
				C12CFE171E18802F005DE61F /* FollowController.swift in Sources */,
				C154C23A1F0F28A90054C0B2 /* JQWeakTimerObject.swift in Sources */,
				C154C2161F0F22A80054C0B2 /* AppDelegate.swift in Sources */,
				C154C2381F0F28A90054C0B2 /* JQProgressHUDLabel.swift in Sources */,
				C19761381F10A85B0037B232 /* ZWSecondController.swift in Sources */,
				C154C2371F0F28A90054C0B2 /* JQProgressHUD.swift in Sources */,
				C197613D1F10B1F50037B232 /* Const.swift in Sources */,
			);
			runOnlyForDeploymentPostprocessing = 0;
		};
/* End PBXSourcesBuildPhase section */

/* Begin PBXVariantGroup section */
		C12CFDFD1E187ED4005DE61F /* Follow.storyboard */ = {
			isa = PBXVariantGroup;
			children = (
				C12CFDFE1E187ED4005DE61F /* Base */,
			);
			name = Follow.storyboard;
			path = ..;
			sourceTree = "<group>";
		};
		C154C2191F0F22A80054C0B2 /* Main.storyboard */ = {
			isa = PBXVariantGroup;
			children = (
				C154C21A1F0F22A80054C0B2 /* Base */,
			);
			name = Main.storyboard;
			sourceTree = "<group>";
		};
		C154C21E1F0F22A80054C0B2 /* LaunchScreen.storyboard */ = {
			isa = PBXVariantGroup;
			children = (
				C154C21F1F0F22A80054C0B2 /* Base */,
			);
			name = LaunchScreen.storyboard;
			sourceTree = "<group>";
		};
		C154C2421F0F61D70054C0B2 /* Home.storyboard */ = {
			isa = PBXVariantGroup;
			children = (
				C154C2431F0F61D70054C0B2 /* Base */,
			);
			name = Home.storyboard;
			path = ..;
			sourceTree = "<group>";
		};
/* End PBXVariantGroup section */

/* Begin XCBuildConfiguration section */
		C154C2221F0F22A80054C0B2 /* Debug */ = {
			isa = XCBuildConfiguration;
			buildSettings = {
				ALWAYS_SEARCH_USER_PATHS = NO;
				CLANG_ANALYZER_NONNULL = YES;
				CLANG_ANALYZER_NUMBER_OBJECT_CONVERSION = YES_AGGRESSIVE;
				CLANG_CXX_LANGUAGE_STANDARD = "gnu++0x";
				CLANG_CXX_LIBRARY = "libc++";
				CLANG_ENABLE_MODULES = YES;
				CLANG_ENABLE_OBJC_ARC = YES;
				CLANG_WARN_BOOL_CONVERSION = YES;
				CLANG_WARN_CONSTANT_CONVERSION = YES;
				CLANG_WARN_DIRECT_OBJC_ISA_USAGE = YES_ERROR;
				CLANG_WARN_DOCUMENTATION_COMMENTS = YES;
				CLANG_WARN_EMPTY_BODY = YES;
				CLANG_WARN_ENUM_CONVERSION = YES;
				CLANG_WARN_INFINITE_RECURSION = YES;
				CLANG_WARN_INT_CONVERSION = YES;
				CLANG_WARN_OBJC_ROOT_CLASS = YES_ERROR;
				CLANG_WARN_SUSPICIOUS_MOVE = YES;
				CLANG_WARN_UNREACHABLE_CODE = YES;
				CLANG_WARN__DUPLICATE_METHOD_MATCH = YES;
				"CODE_SIGN_IDENTITY[sdk=iphoneos*]" = "iPhone Developer";
				COPY_PHASE_STRIP = NO;
				DEBUG_INFORMATION_FORMAT = dwarf;
				ENABLE_STRICT_OBJC_MSGSEND = YES;
				ENABLE_TESTABILITY = YES;
				GCC_C_LANGUAGE_STANDARD = gnu99;
				GCC_DYNAMIC_NO_PIC = NO;
				GCC_NO_COMMON_BLOCKS = YES;
				GCC_OPTIMIZATION_LEVEL = 0;
				GCC_PREPROCESSOR_DEFINITIONS = (
					"DEBUG=1",
					"$(inherited)",
				);
				GCC_WARN_64_TO_32_BIT_CONVERSION = YES;
				GCC_WARN_ABOUT_RETURN_TYPE = YES_ERROR;
				GCC_WARN_UNDECLARED_SELECTOR = YES;
				GCC_WARN_UNINITIALIZED_AUTOS = YES_AGGRESSIVE;
				GCC_WARN_UNUSED_FUNCTION = YES;
				GCC_WARN_UNUSED_VARIABLE = YES;
				IPHONEOS_DEPLOYMENT_TARGET = 10.3;
				MTL_ENABLE_DEBUG_INFO = YES;
				ONLY_ACTIVE_ARCH = YES;
				SDKROOT = iphoneos;
				SWIFT_ACTIVE_COMPILATION_CONDITIONS = DEBUG;
				SWIFT_OPTIMIZATION_LEVEL = "-Onone";
			};
			name = Debug;
		};
		C154C2231F0F22A80054C0B2 /* Release */ = {
			isa = XCBuildConfiguration;
			buildSettings = {
				ALWAYS_SEARCH_USER_PATHS = NO;
				CLANG_ANALYZER_NONNULL = YES;
				CLANG_ANALYZER_NUMBER_OBJECT_CONVERSION = YES_AGGRESSIVE;
				CLANG_CXX_LANGUAGE_STANDARD = "gnu++0x";
				CLANG_CXX_LIBRARY = "libc++";
				CLANG_ENABLE_MODULES = YES;
				CLANG_ENABLE_OBJC_ARC = YES;
				CLANG_WARN_BOOL_CONVERSION = YES;
				CLANG_WARN_CONSTANT_CONVERSION = YES;
				CLANG_WARN_DIRECT_OBJC_ISA_USAGE = YES_ERROR;
				CLANG_WARN_DOCUMENTATION_COMMENTS = YES;
				CLANG_WARN_EMPTY_BODY = YES;
				CLANG_WARN_ENUM_CONVERSION = YES;
				CLANG_WARN_INFINITE_RECURSION = YES;
				CLANG_WARN_INT_CONVERSION = YES;
				CLANG_WARN_OBJC_ROOT_CLASS = YES_ERROR;
				CLANG_WARN_SUSPICIOUS_MOVE = YES;
				CLANG_WARN_UNREACHABLE_CODE = YES;
				CLANG_WARN__DUPLICATE_METHOD_MATCH = YES;
				"CODE_SIGN_IDENTITY[sdk=iphoneos*]" = "iPhone Developer";
				COPY_PHASE_STRIP = NO;
				DEBUG_INFORMATION_FORMAT = "dwarf-with-dsym";
				ENABLE_NS_ASSERTIONS = NO;
				ENABLE_STRICT_OBJC_MSGSEND = YES;
				GCC_C_LANGUAGE_STANDARD = gnu99;
				GCC_NO_COMMON_BLOCKS = YES;
				GCC_WARN_64_TO_32_BIT_CONVERSION = YES;
				GCC_WARN_ABOUT_RETURN_TYPE = YES_ERROR;
				GCC_WARN_UNDECLARED_SELECTOR = YES;
				GCC_WARN_UNINITIALIZED_AUTOS = YES_AGGRESSIVE;
				GCC_WARN_UNUSED_FUNCTION = YES;
				GCC_WARN_UNUSED_VARIABLE = YES;
				IPHONEOS_DEPLOYMENT_TARGET = 10.3;
				MTL_ENABLE_DEBUG_INFO = NO;
				SDKROOT = iphoneos;
				SWIFT_OPTIMIZATION_LEVEL = "-Owholemodule";
				VALIDATE_PRODUCT = YES;
			};
			name = Release;
		};
		C154C2251F0F22A80054C0B2 /* Debug */ = {
			isa = XCBuildConfiguration;
			buildSettings = {
				ASSETCATALOG_COMPILER_APPICON_NAME = AppIcon;
				CLANG_ENABLE_MODULES = YES;
				DEVELOPMENT_TEAM = S4YTN47V9U;
				GCC_PREFIX_HEADER = "$(SRCROOT)/AiMengShop/PrefixHeader.pch";
				INFOPLIST_FILE = ZW_Swift/Info.plist;
				IPHONEOS_DEPLOYMENT_TARGET = 9.2;
				LD_RUNPATH_SEARCH_PATHS = "$(inherited) @executable_path/Frameworks";
				OTHER_SWIFT_FLAGS = "";
				"OTHER_SWIFT_FLAGS[arch=*]" = "-D DEBUG";
				PRODUCT_BUNDLE_IDENTIFIER = "appid.ZW-Swift";
				PRODUCT_NAME = "$(TARGET_NAME)";
				SWIFT_OBJC_BRIDGING_HEADER = "ZW_Swift-Bridging-Header.h";
				SWIFT_OPTIMIZATION_LEVEL = "-Onone";
				SWIFT_VERSION = 3.0;
			};
			name = Debug;
		};
		C154C2261F0F22A80054C0B2 /* Release */ = {
			isa = XCBuildConfiguration;
			buildSettings = {
				ASSETCATALOG_COMPILER_APPICON_NAME = AppIcon;
				CLANG_ENABLE_MODULES = YES;
				DEVELOPMENT_TEAM = S4YTN47V9U;
				GCC_PREFIX_HEADER = "$(SRCROOT)/AiMengShop/PrefixHeader.pch";
				INFOPLIST_FILE = ZW_Swift/Info.plist;
				IPHONEOS_DEPLOYMENT_TARGET = 9.2;
				LD_RUNPATH_SEARCH_PATHS = "$(inherited) @executable_path/Frameworks";
				OTHER_SWIFT_FLAGS = "";
				PRODUCT_BUNDLE_IDENTIFIER = "appid.ZW-Swift";
				PRODUCT_NAME = "$(TARGET_NAME)";
				SWIFT_OBJC_BRIDGING_HEADER = "ZW_Swift-Bridging-Header.h";
				SWIFT_VERSION = 3.0;
			};
			name = Release;
		};
/* End XCBuildConfiguration section */

/* Begin XCConfigurationList section */
		C154C20D1F0F22A80054C0B2 /* Build configuration list for PBXProject "ZW_Swift" */ = {
			isa = XCConfigurationList;
			buildConfigurations = (
				C154C2221F0F22A80054C0B2 /* Debug */,
				C154C2231F0F22A80054C0B2 /* Release */,
			);
			defaultConfigurationIsVisible = 0;
			defaultConfigurationName = Release;
		};
		C154C2241F0F22A80054C0B2 /* Build configuration list for PBXNativeTarget "ZW_Swift" */ = {
			isa = XCConfigurationList;
			buildConfigurations = (
				C154C2251F0F22A80054C0B2 /* Debug */,
				C154C2261F0F22A80054C0B2 /* Release */,
			);
			defaultConfigurationIsVisible = 0;
			defaultConfigurationName = Release;
		};
/* End XCConfigurationList section */
	};
	rootObject = C154C20A1F0F22A80054C0B2 /* Project object */;
}
